
Microsoft Visual Studio Solution File, Format Version 12.00
# Visual Studio Version 17
VisualStudioVersion = 17.1.32328.378
MinimumVisualStudioVersion = 10.0.40219.1
Project("{FAE04EC0-301F-11D3-BF4B-00C04F79EFBC}") = "CourseWork", "CourseWork\CourseWork.csproj", "{0860D59A-62C2-45EB-827A-F10045D85109}"
EndProject
Global
	GlobalSection(SolutionConfigurationPlatforms) = preSolution
		Debug|Any CPU = Debug|Any CPU
		Release|Any CPU = Release|Any CPU
	EndGlobalSection
	GlobalSection(ProjectConfigurationPlatforms) = postSolution
		{0860D59A-62C2-45EB-827A-F10045D85109}.Debug|Any CPU.ActiveCfg = Debug|Any CPU
		{0860D59A-62C2-45EB-827A-F10045D85109}.Debug|Any CPU.Build.0 = Debug|Any CPU
		{0860D59A-62C2-45EB-827A-F10045D85109}.Release|Any CPU.ActiveCfg = Release|Any CPU
		{0860D59A-62C2-45EB-827A-F10045D85109}.Release|Any CPU.Build.0 = Release|Any CPU
	EndGlobalSection
	GlobalSection(SolutionProperties) = preSolution
		HideSolutionNode = FALSE
	EndGlobalSection
	GlobalSection(ExtensibilityGlobals) = postSolution
		SolutionGuid = {D6D357BB-C522-4E4F-9983-70EF2FD2646F}
	EndGlobalSection
EndGlobal
